
Microsoft Visual Studio Solution File, Format Version 12.00
# Visual Studio Version 17
VisualStudioVersion = 17.8.34322.80
MinimumVisualStudioVersion = 10.0.40219.1
Project("{FAE04EC0-301F-11D3-BF4B-00C04F79EFBC}") = "Chessir", "Chessir.csproj", "{6F2E0C42-4E82-46E5-BE46-0BA1D88DF547}"
EndProject
Global
	GlobalSection(SolutionConfigurationPlatforms) = preSolution
		Debug|Any CPU = Debug|Any CPU
		Release|Any CPU = Release|Any CPU
	EndGlobalSection
	GlobalSection(ProjectConfigurationPlatforms) = postSolution
		{6F2E0C42-4E82-46E5-BE46-0BA1D88DF547}.Debug|Any CPU.ActiveCfg = Debug|Any CPU
		{6F2E0C42-4E82-46E5-BE46-0BA1D88DF547}.Debug|Any CPU.Build.0 = Debug|Any CPU
		{6F2E0C42-4E82-46E5-BE46-0BA1D88DF547}.Release|Any CPU.ActiveCfg = Release|Any CPU
		{6F2E0C42-4E82-46E5-BE46-0BA1D88DF547}.Release|Any CPU.Build.0 = Release|Any CPU
	EndGlobalSection
	GlobalSection(SolutionProperties) = preSolution
		HideSolutionNode = FALSE
	EndGlobalSection
	GlobalSection(ExtensibilityGlobals) = postSolution
		SolutionGuid = {8782BFDB-5709-40BC-967D-54CE83370CF7}
	EndGlobalSection
EndGlobal
